
Microsoft Visual Studio Solution File, Format Version 12.00
# Visual Studio 15
VisualStudioVersion = 15.0.28010.2019
MinimumVisualStudioVersion = 10.0.40219.1
Project("{9A19103F-16F7-4668-BE54-9A1E7A4F7556}") = "Suites.Core", "Suites.Core\Suites.Core.csproj", "{D0855038-B243-48A9-9A8B-20FE94CFA4B4}"
EndProject
Project("{9A19103F-16F7-4668-BE54-9A1E7A4F7556}") = "Suites.AutoMapper", "Suites.AutoMapper\Suites.AutoMapper.csproj", "{F10C522C-5063-43D0-A8A1-AEF02B5DA7C3}"
EndProject
Project("{9A19103F-16F7-4668-BE54-9A1E7A4F7556}") = "Suites.MediatR", "Suites.MediatR\Suites.MediatR.csproj", "{CF3E2628-CFA5-43F2-AC4A-952E172D5CCA}"
EndProject
Project("{9A19103F-16F7-4668-BE54-9A1E7A4F7556}") = "Suites.Prism.Wpf.Fx", "Suites.Prism.Wpf.Fx\Suites.Prism.Wpf.Fx.csproj", "{65DE3DE8-FBA1-423D-A897-83BE30694D2E}"
EndProject
Project("{9A19103F-16F7-4668-BE54-9A1E7A4F7556}") = "Suites.WindowsPlatform", "Suites.WindowsPlatform\Suites.WindowsPlatform.csproj", "{806898C7-7597-4B44-B612-7ADED91ADD26}"
EndProject
Project("{FAE04EC0-301F-11D3-BF4B-00C04F79EFBC}") = "Suites.Wpf.App", "Suites.Wpf.App\Suites.Wpf.App.csproj", "{27791379-9C80-49D3-8591-0CF18B9EF2DF}"
EndProject
Project("{9A19103F-16F7-4668-BE54-9A1E7A4F7556}") = "Suites.Wpf.Core", "Suites.Wpf.Core\Suites.Wpf.Core.csproj", "{9446E6BA-0392-4930-86CC-7AD5AA0F8A05}"
EndProject
Project("{2150E333-8FDC-42A3-9474-1A3956D46DE8}") = "999 - Test", "999 - Test", "{9F88C795-5FF0-4D7C-B17C-6AAC016D4C2C}"
EndProject
Project("{FAE04EC0-301F-11D3-BF4B-00C04F79EFBC}") = "Suites.Wpf.App.Test", "test\Suites.Wpf.App.Test\Suites.Wpf.App.Test.csproj", "{CF03DFDC-EB7D-48F7-B537-F62ADC8A6F72}"
EndProject
Project("{2150E333-8FDC-42A3-9474-1A3956D46DE8}") = "000 - global", "000 - global", "{8CF8FAF8-58B7-4D5D-B747-F80E8983ECBC}"
	ProjectSection(SolutionItems) = preProject
		..\azure-pipelines.yml = ..\azure-pipelines.yml
		..\LICENSE = ..\LICENSE
		..\README.md = ..\README.md
	EndProjectSection
EndProject
Project("{9A19103F-16F7-4668-BE54-9A1E7A4F7556}") = "Suites.Wpf.AvalonEdit", "Suites.Wpf.AvalonEdit\Suites.Wpf.AvalonEdit.csproj", "{18059C30-5E0A-4A60-97D3-75BEC6F783B7}"
EndProject
Project("{9A19103F-16F7-4668-BE54-9A1E7A4F7556}") = "Suites.Microsoft.NetCore.App", "Suites.Microsoft.NetCore.App\Suites.Microsoft.NetCore.App.csproj", "{99035A6C-B98B-43D1-AF72-5A3958BD920D}"
EndProject
Project("{9A19103F-16F7-4668-BE54-9A1E7A4F7556}") = "Suites.Utils", "Suites.Utils\Suites.Utils.csproj", "{0C15CE67-C92F-4C57-B066-EE91721E50CE}"
EndProject
Project("{9A19103F-16F7-4668-BE54-9A1E7A4F7556}") = "Suites.WebApiClient.Extensions", "Suites.WebApiClient.Extensions\Suites.WebApiClient.Extensions.csproj", "{3FF5DCA2-6A69-44AC-A28C-0B873BBEA664}"
EndProject
Project("{9A19103F-16F7-4668-BE54-9A1E7A4F7556}") = "Suites.WebApiClient.Extensions.Abstraction", "Suites.WebApiClient.Extensions.Abstraction\Suites.WebApiClient.Extensions.Abstraction.csproj", "{B54F06FD-41C6-4FE1-8EBF-A80A24988D7C}"
EndProject
Project("{2150E333-8FDC-42A3-9474-1A3956D46DE8}") = "001 - Base", "001 - Base", "{D667E4C9-553E-4CC6-BC45-503B17DCA8F9}"
EndProject
Project("{2150E333-8FDC-42A3-9474-1A3956D46DE8}") = "050 - Wpf", "050 - Wpf", "{0589AD2B-C3E7-4679-B7D1-E9BA5EC8030B}"
EndProject
Project("{2150E333-8FDC-42A3-9474-1A3956D46DE8}") = "025 - 3rd", "025 - 3rd", "{DF62B9AB-BD42-40A5-B3D7-F6CADC1CBB76}"
EndProject
Project("{FAE04EC0-301F-11D3-BF4B-00C04F79EFBC}") = "Suites.Wpf.Controls", "Suites.Wpf.Controls\Suites.Wpf.Controls.csproj", "{968329A8-027E-4514-8A8D-7085FC2579DF}"
EndProject
Global
	GlobalSection(SolutionConfigurationPlatforms) = preSolution
		Debug|Any CPU = Debug|Any CPU
		Release|Any CPU = Release|Any CPU
	EndGlobalSection
	GlobalSection(ProjectConfigurationPlatforms) = postSolution
		{D0855038-B243-48A9-9A8B-20FE94CFA4B4}.Debug|Any CPU.ActiveCfg = Debug|Any CPU
		{D0855038-B243-48A9-9A8B-20FE94CFA4B4}.Debug|Any CPU.Build.0 = Debug|Any CPU
		{D0855038-B243-48A9-9A8B-20FE94CFA4B4}.Release|Any CPU.ActiveCfg = Release|Any CPU
		{D0855038-B243-48A9-9A8B-20FE94CFA4B4}.Release|Any CPU.Build.0 = Release|Any CPU
		{F10C522C-5063-43D0-A8A1-AEF02B5DA7C3}.Debug|Any CPU.ActiveCfg = Debug|Any CPU
		{F10C522C-5063-43D0-A8A1-AEF02B5DA7C3}.Debug|Any CPU.Build.0 = Debug|Any CPU
		{F10C522C-5063-43D0-A8A1-AEF02B5DA7C3}.Release|Any CPU.ActiveCfg = Release|Any CPU
		{F10C522C-5063-43D0-A8A1-AEF02B5DA7C3}.Release|Any CPU.Build.0 = Release|Any CPU
		{CF3E2628-CFA5-43F2-AC4A-952E172D5CCA}.Debug|Any CPU.ActiveCfg = Debug|Any CPU
		{CF3E2628-CFA5-43F2-AC4A-952E172D5CCA}.Debug|Any CPU.Build.0 = Debug|Any CPU
		{CF3E2628-CFA5-43F2-AC4A-952E172D5CCA}.Release|Any CPU.ActiveCfg = Release|Any CPU
		{CF3E2628-CFA5-43F2-AC4A-952E172D5CCA}.Release|Any CPU.Build.0 = Release|Any CPU
		{65DE3DE8-FBA1-423D-A897-83BE30694D2E}.Debug|Any CPU.ActiveCfg = Debug|Any CPU
		{65DE3DE8-FBA1-423D-A897-83BE30694D2E}.Debug|Any CPU.Build.0 = Debug|Any CPU
		{65DE3DE8-FBA1-423D-A897-83BE30694D2E}.Release|Any CPU.ActiveCfg = Release|Any CPU
		{65DE3DE8-FBA1-423D-A897-83BE30694D2E}.Release|Any CPU.Build.0 = Release|Any CPU
		{806898C7-7597-4B44-B612-7ADED91ADD26}.Debug|Any CPU.ActiveCfg = Debug|Any CPU
		{806898C7-7597-4B44-B612-7ADED91ADD26}.Debug|Any CPU.Build.0 = Debug|Any CPU
		{806898C7-7597-4B44-B612-7ADED91ADD26}.Release|Any CPU.ActiveCfg = Release|Any CPU
		{806898C7-7597-4B44-B612-7ADED91ADD26}.Release|Any CPU.Build.0 = Release|Any CPU
		{27791379-9C80-49D3-8591-0CF18B9EF2DF}.Debug|Any CPU.ActiveCfg = Debug|Any CPU
		{27791379-9C80-49D3-8591-0CF18B9EF2DF}.Debug|Any CPU.Build.0 = Debug|Any CPU
		{27791379-9C80-49D3-8591-0CF18B9EF2DF}.Release|Any CPU.ActiveCfg = Release|Any CPU
		{27791379-9C80-49D3-8591-0CF18B9EF2DF}.Release|Any CPU.Build.0 = Release|Any CPU
		{9446E6BA-0392-4930-86CC-7AD5AA0F8A05}.Debug|Any CPU.ActiveCfg = Debug|Any CPU
		{9446E6BA-0392-4930-86CC-7AD5AA0F8A05}.Debug|Any CPU.Build.0 = Debug|Any CPU
		{9446E6BA-0392-4930-86CC-7AD5AA0F8A05}.Release|Any CPU.ActiveCfg = Release|Any CPU
		{9446E6BA-0392-4930-86CC-7AD5AA0F8A05}.Release|Any CPU.Build.0 = Release|Any CPU
		{CF03DFDC-EB7D-48F7-B537-F62ADC8A6F72}.Debug|Any CPU.ActiveCfg = Debug|Any CPU
		{CF03DFDC-EB7D-48F7-B537-F62ADC8A6F72}.Debug|Any CPU.Build.0 = Debug|Any CPU
		{CF03DFDC-EB7D-48F7-B537-F62ADC8A6F72}.Release|Any CPU.ActiveCfg = Release|Any CPU
		{CF03DFDC-EB7D-48F7-B537-F62ADC8A6F72}.Release|Any CPU.Build.0 = Release|Any CPU
		{18059C30-5E0A-4A60-97D3-75BEC6F783B7}.Debug|Any CPU.ActiveCfg = Debug|Any CPU
		{18059C30-5E0A-4A60-97D3-75BEC6F783B7}.Debug|Any CPU.Build.0 = Debug|Any CPU
		{18059C30-5E0A-4A60-97D3-75BEC6F783B7}.Release|Any CPU.ActiveCfg = Release|Any CPU
		{18059C30-5E0A-4A60-97D3-75BEC6F783B7}.Release|Any CPU.Build.0 = Release|Any CPU
		{99035A6C-B98B-43D1-AF72-5A3958BD920D}.Debug|Any CPU.ActiveCfg = Debug|Any CPU
		{99035A6C-B98B-43D1-AF72-5A3958BD920D}.Debug|Any CPU.Build.0 = Debug|Any CPU
		{99035A6C-B98B-43D1-AF72-5A3958BD920D}.Release|Any CPU.ActiveCfg = Release|Any CPU
		{99035A6C-B98B-43D1-AF72-5A3958BD920D}.Release|Any CPU.Build.0 = Release|Any CPU
		{0C15CE67-C92F-4C57-B066-EE91721E50CE}.Debug|Any CPU.ActiveCfg = Debug|Any CPU
		{0C15CE67-C92F-4C57-B066-EE91721E50CE}.Debug|Any CPU.Build.0 = Debug|Any CPU
		{0C15CE67-C92F-4C57-B066-EE91721E50CE}.Release|Any CPU.ActiveCfg = Release|Any CPU
		{0C15CE67-C92F-4C57-B066-EE91721E50CE}.Release|Any CPU.Build.0 = Release|Any CPU
		{3FF5DCA2-6A69-44AC-A28C-0B873BBEA664}.Debug|Any CPU.ActiveCfg = Debug|Any CPU
		{3FF5DCA2-6A69-44AC-A28C-0B873BBEA664}.Debug|Any CPU.Build.0 = Debug|Any CPU
		{3FF5DCA2-6A69-44AC-A28C-0B873BBEA664}.Release|Any CPU.ActiveCfg = Release|Any CPU
		{3FF5DCA2-6A69-44AC-A28C-0B873BBEA664}.Release|Any CPU.Build.0 = Release|Any CPU
		{B54F06FD-41C6-4FE1-8EBF-A80A24988D7C}.Debug|Any CPU.ActiveCfg = Debug|Any CPU
		{B54F06FD-41C6-4FE1-8EBF-A80A24988D7C}.Debug|Any CPU.Build.0 = Debug|Any CPU
		{B54F06FD-41C6-4FE1-8EBF-A80A24988D7C}.Release|Any CPU.ActiveCfg = Release|Any CPU
		{B54F06FD-41C6-4FE1-8EBF-A80A24988D7C}.Release|Any CPU.Build.0 = Release|Any CPU
		{968329A8-027E-4514-8A8D-7085FC2579DF}.Debug|Any CPU.ActiveCfg = Debug|Any CPU
		{968329A8-027E-4514-8A8D-7085FC2579DF}.Debug|Any CPU.Build.0 = Debug|Any CPU
		{968329A8-027E-4514-8A8D-7085FC2579DF}.Release|Any CPU.ActiveCfg = Release|Any CPU
		{968329A8-027E-4514-8A8D-7085FC2579DF}.Release|Any CPU.Build.0 = Release|Any CPU
	EndGlobalSection
	GlobalSection(SolutionProperties) = preSolution
		HideSolutionNode = FALSE
	EndGlobalSection
	GlobalSection(NestedProjects) = preSolution
		{D0855038-B243-48A9-9A8B-20FE94CFA4B4} = {D667E4C9-553E-4CC6-BC45-503B17DCA8F9}
		{F10C522C-5063-43D0-A8A1-AEF02B5DA7C3} = {DF62B9AB-BD42-40A5-B3D7-F6CADC1CBB76}
		{CF3E2628-CFA5-43F2-AC4A-952E172D5CCA} = {DF62B9AB-BD42-40A5-B3D7-F6CADC1CBB76}
		{65DE3DE8-FBA1-423D-A897-83BE30694D2E} = {DF62B9AB-BD42-40A5-B3D7-F6CADC1CBB76}
		{806898C7-7597-4B44-B612-7ADED91ADD26} = {D667E4C9-553E-4CC6-BC45-503B17DCA8F9}
		{27791379-9C80-49D3-8591-0CF18B9EF2DF} = {0589AD2B-C3E7-4679-B7D1-E9BA5EC8030B}
		{9446E6BA-0392-4930-86CC-7AD5AA0F8A05} = {0589AD2B-C3E7-4679-B7D1-E9BA5EC8030B}
		{CF03DFDC-EB7D-48F7-B537-F62ADC8A6F72} = {9F88C795-5FF0-4D7C-B17C-6AAC016D4C2C}
		{18059C30-5E0A-4A60-97D3-75BEC6F783B7} = {0589AD2B-C3E7-4679-B7D1-E9BA5EC8030B}
		{99035A6C-B98B-43D1-AF72-5A3958BD920D} = {D667E4C9-553E-4CC6-BC45-503B17DCA8F9}
		{0C15CE67-C92F-4C57-B066-EE91721E50CE} = {D667E4C9-553E-4CC6-BC45-503B17DCA8F9}
		{3FF5DCA2-6A69-44AC-A28C-0B873BBEA664} = {DF62B9AB-BD42-40A5-B3D7-F6CADC1CBB76}
		{B54F06FD-41C6-4FE1-8EBF-A80A24988D7C} = {DF62B9AB-BD42-40A5-B3D7-F6CADC1CBB76}
		{968329A8-027E-4514-8A8D-7085FC2579DF} = {0589AD2B-C3E7-4679-B7D1-E9BA5EC8030B}
	EndGlobalSection
	GlobalSection(ExtensibilityGlobals) = postSolution
		SolutionGuid = {37E197FA-F309-494E-91FD-41824748EE70}
	EndGlobalSection
EndGlobal
