
Microsoft Visual Studio Solution File, Format Version 12.00
# Visual Studio Version 16
VisualStudioVersion = 16.0.28803.156
MinimumVisualStudioVersion = 10.0.40219.1
Project("{9A19103F-16F7-4668-BE54-9A1E7A4F7556}") = "Suites.AutoMapper", "Suites.AutoMapper\Suites.AutoMapper.csproj", "{F10C522C-5063-43D0-A8A1-AEF02B5DA7C3}"
EndProject
Project("{9A19103F-16F7-4668-BE54-9A1E7A4F7556}") = "Suites.Wpf.Core", "Suites.Wpf.Core\Suites.Wpf.Core.csproj", "{9446E6BA-0392-4930-86CC-7AD5AA0F8A05}"
EndProject
Project("{2150E333-8FDC-42A3-9474-1A3956D46DE8}") = "999 - Test", "999 - Test", "{9F88C795-5FF0-4D7C-B17C-6AAC016D4C2C}"
EndProject
Project("{FAE04EC0-301F-11D3-BF4B-00C04F79EFBC}") = "Suites.Wpf.App.Test", "test\Suites.Wpf.App.Test\Suites.Wpf.App.Test.csproj", "{CF03DFDC-EB7D-48F7-B537-F62ADC8A6F72}"
EndProject
Project("{2150E333-8FDC-42A3-9474-1A3956D46DE8}") = "000 - global", "000 - global", "{8CF8FAF8-58B7-4D5D-B747-F80E8983ECBC}"
	ProjectSection(SolutionItems) = preProject
		..\azure-pipelines.yml = ..\azure-pipelines.yml
		Directory.Build.props = Directory.Build.props
		..\LICENSE = ..\LICENSE
		..\README.md = ..\README.md
	EndProjectSection
EndProject
Project("{9A19103F-16F7-4668-BE54-9A1E7A4F7556}") = "Suites.Wpf.AvalonEdit", "Suites.Wpf.AvalonEdit\Suites.Wpf.AvalonEdit.csproj", "{18059C30-5E0A-4A60-97D3-75BEC6F783B7}"
EndProject
Project("{9A19103F-16F7-4668-BE54-9A1E7A4F7556}") = "Suites.Utils", "Suites.Utils\Suites.Utils.csproj", "{0C15CE67-C92F-4C57-B066-EE91721E50CE}"
EndProject
Project("{9A19103F-16F7-4668-BE54-9A1E7A4F7556}") = "Suites.WebApiClient.Extensions", "Suites.WebApiClient.Extensions\Suites.WebApiClient.Extensions.csproj", "{3FF5DCA2-6A69-44AC-A28C-0B873BBEA664}"
EndProject
Project("{2150E333-8FDC-42A3-9474-1A3956D46DE8}") = "001 - Base", "001 - Base", "{D667E4C9-553E-4CC6-BC45-503B17DCA8F9}"
EndProject
Project("{2150E333-8FDC-42A3-9474-1A3956D46DE8}") = "050 - Wpf", "050 - Wpf", "{0589AD2B-C3E7-4679-B7D1-E9BA5EC8030B}"
EndProject
Project("{2150E333-8FDC-42A3-9474-1A3956D46DE8}") = "025 - 3rd", "025 - 3rd", "{DF62B9AB-BD42-40A5-B3D7-F6CADC1CBB76}"
EndProject
Project("{9A19103F-16F7-4668-BE54-9A1E7A4F7556}") = "Suites.Wpf.Controls", "Suites.Wpf.Controls\Suites.Wpf.Controls.csproj", "{968329A8-027E-4514-8A8D-7085FC2579DF}"
EndProject
Project("{9A19103F-16F7-4668-BE54-9A1E7A4F7556}") = "Suites.Akavache", "Suites.Akavache\Suites.Akavache.csproj", "{2BBBB1B9-EF20-4DC0-90DF-80DE235CBA8A}"
EndProject
Project("{FAE04EC0-301F-11D3-BF4B-00C04F79EFBC}") = "Suites.WriteableJsonOptions", "Suites.WriteableJsonOptions\Suites.WriteableJsonOptions.csproj", "{1DE9CEF6-61CA-4EFF-9A8B-F5AEBDBFBEF1}"
EndProject
Global
	GlobalSection(SolutionConfigurationPlatforms) = preSolution
		Debug|Any CPU = Debug|Any CPU
		Release|Any CPU = Release|Any CPU
	EndGlobalSection
	GlobalSection(ProjectConfigurationPlatforms) = postSolution
		{F10C522C-5063-43D0-A8A1-AEF02B5DA7C3}.Debug|Any CPU.ActiveCfg = Debug|Any CPU
		{F10C522C-5063-43D0-A8A1-AEF02B5DA7C3}.Debug|Any CPU.Build.0 = Debug|Any CPU
		{F10C522C-5063-43D0-A8A1-AEF02B5DA7C3}.Release|Any CPU.ActiveCfg = Release|Any CPU
		{F10C522C-5063-43D0-A8A1-AEF02B5DA7C3}.Release|Any CPU.Build.0 = Release|Any CPU
		{9446E6BA-0392-4930-86CC-7AD5AA0F8A05}.Debug|Any CPU.ActiveCfg = Debug|Any CPU
		{9446E6BA-0392-4930-86CC-7AD5AA0F8A05}.Debug|Any CPU.Build.0 = Debug|Any CPU
		{9446E6BA-0392-4930-86CC-7AD5AA0F8A05}.Release|Any CPU.ActiveCfg = Release|Any CPU
		{9446E6BA-0392-4930-86CC-7AD5AA0F8A05}.Release|Any CPU.Build.0 = Release|Any CPU
		{CF03DFDC-EB7D-48F7-B537-F62ADC8A6F72}.Debug|Any CPU.ActiveCfg = Debug|Any CPU
		{CF03DFDC-EB7D-48F7-B537-F62ADC8A6F72}.Debug|Any CPU.Build.0 = Debug|Any CPU
		{CF03DFDC-EB7D-48F7-B537-F62ADC8A6F72}.Release|Any CPU.ActiveCfg = Release|Any CPU
		{CF03DFDC-EB7D-48F7-B537-F62ADC8A6F72}.Release|Any CPU.Build.0 = Release|Any CPU
		{18059C30-5E0A-4A60-97D3-75BEC6F783B7}.Debug|Any CPU.ActiveCfg = Debug|Any CPU
		{18059C30-5E0A-4A60-97D3-75BEC6F783B7}.Debug|Any CPU.Build.0 = Debug|Any CPU
		{18059C30-5E0A-4A60-97D3-75BEC6F783B7}.Release|Any CPU.ActiveCfg = Release|Any CPU
		{18059C30-5E0A-4A60-97D3-75BEC6F783B7}.Release|Any CPU.Build.0 = Release|Any CPU
		{0C15CE67-C92F-4C57-B066-EE91721E50CE}.Debug|Any CPU.ActiveCfg = Debug|Any CPU
		{0C15CE67-C92F-4C57-B066-EE91721E50CE}.Debug|Any CPU.Build.0 = Debug|Any CPU
		{0C15CE67-C92F-4C57-B066-EE91721E50CE}.Release|Any CPU.ActiveCfg = Release|Any CPU
		{0C15CE67-C92F-4C57-B066-EE91721E50CE}.Release|Any CPU.Build.0 = Release|Any CPU
		{3FF5DCA2-6A69-44AC-A28C-0B873BBEA664}.Debug|Any CPU.ActiveCfg = Debug|Any CPU
		{3FF5DCA2-6A69-44AC-A28C-0B873BBEA664}.Debug|Any CPU.Build.0 = Debug|Any CPU
		{3FF5DCA2-6A69-44AC-A28C-0B873BBEA664}.Release|Any CPU.ActiveCfg = Release|Any CPU
		{3FF5DCA2-6A69-44AC-A28C-0B873BBEA664}.Release|Any CPU.Build.0 = Release|Any CPU
		{968329A8-027E-4514-8A8D-7085FC2579DF}.Debug|Any CPU.ActiveCfg = Debug|Any CPU
		{968329A8-027E-4514-8A8D-7085FC2579DF}.Debug|Any CPU.Build.0 = Debug|Any CPU
		{968329A8-027E-4514-8A8D-7085FC2579DF}.Release|Any CPU.ActiveCfg = Release|Any CPU
		{968329A8-027E-4514-8A8D-7085FC2579DF}.Release|Any CPU.Build.0 = Release|Any CPU
		{2BBBB1B9-EF20-4DC0-90DF-80DE235CBA8A}.Debug|Any CPU.ActiveCfg = Debug|Any CPU
		{2BBBB1B9-EF20-4DC0-90DF-80DE235CBA8A}.Debug|Any CPU.Build.0 = Debug|Any CPU
		{2BBBB1B9-EF20-4DC0-90DF-80DE235CBA8A}.Release|Any CPU.ActiveCfg = Release|Any CPU
		{2BBBB1B9-EF20-4DC0-90DF-80DE235CBA8A}.Release|Any CPU.Build.0 = Release|Any CPU
		{1DE9CEF6-61CA-4EFF-9A8B-F5AEBDBFBEF1}.Debug|Any CPU.ActiveCfg = Debug|Any CPU
		{1DE9CEF6-61CA-4EFF-9A8B-F5AEBDBFBEF1}.Debug|Any CPU.Build.0 = Debug|Any CPU
		{1DE9CEF6-61CA-4EFF-9A8B-F5AEBDBFBEF1}.Release|Any CPU.ActiveCfg = Release|Any CPU
		{1DE9CEF6-61CA-4EFF-9A8B-F5AEBDBFBEF1}.Release|Any CPU.Build.0 = Release|Any CPU
	EndGlobalSection
	GlobalSection(SolutionProperties) = preSolution
		HideSolutionNode = FALSE
	EndGlobalSection
	GlobalSection(NestedProjects) = preSolution
		{F10C522C-5063-43D0-A8A1-AEF02B5DA7C3} = {DF62B9AB-BD42-40A5-B3D7-F6CADC1CBB76}
		{9446E6BA-0392-4930-86CC-7AD5AA0F8A05} = {0589AD2B-C3E7-4679-B7D1-E9BA5EC8030B}
		{CF03DFDC-EB7D-48F7-B537-F62ADC8A6F72} = {9F88C795-5FF0-4D7C-B17C-6AAC016D4C2C}
		{18059C30-5E0A-4A60-97D3-75BEC6F783B7} = {0589AD2B-C3E7-4679-B7D1-E9BA5EC8030B}
		{0C15CE67-C92F-4C57-B066-EE91721E50CE} = {D667E4C9-553E-4CC6-BC45-503B17DCA8F9}
		{3FF5DCA2-6A69-44AC-A28C-0B873BBEA664} = {DF62B9AB-BD42-40A5-B3D7-F6CADC1CBB76}
		{968329A8-027E-4514-8A8D-7085FC2579DF} = {0589AD2B-C3E7-4679-B7D1-E9BA5EC8030B}
		{2BBBB1B9-EF20-4DC0-90DF-80DE235CBA8A} = {DF62B9AB-BD42-40A5-B3D7-F6CADC1CBB76}
		{1DE9CEF6-61CA-4EFF-9A8B-F5AEBDBFBEF1} = {D667E4C9-553E-4CC6-BC45-503B17DCA8F9}
	EndGlobalSection
	GlobalSection(ExtensibilityGlobals) = postSolution
		SolutionGuid = {37E197FA-F309-494E-91FD-41824748EE70}
	EndGlobalSection
EndGlobal
